// !$*UTF8*$!
{
	archiveVersion = 1;
	classes = {
	};
	objectVersion = 77;
	objects = {

/* Begin PBXBuildFile section */
		208ABFACAD120D08C1C81D9F /* MiniMaxMonitorApp.swift in Sources */ = {isa = PBXBuildFile; fileRef = FE0CE252F9EFDE64EA7D9005 /* MiniMaxMonitorApp.swift */; };
		65B4489A0C6C648ED294A492 /* Assets.xcassets in Resources */ = {isa = PBXBuildFile; fileRef = 66CB6047206E3560AF6FA089 /* Assets.xcassets */; };
		90B89B53D256E80DEB309D1C /* UsageManager.swift in Sources */ = {isa = PBXBuildFile; fileRef = FFCC4D00DC20215449BDDA2F /* UsageManager.swift */; };
		C1D7222822F43690ACD80A38 /* ContentView.swift in Sources */ = {isa = PBXBuildFile; fileRef = 6C9852BD7610E4EB8D1F1F15 /* ContentView.swift */; };
/* End PBXBuildFile section */

/* Begin PBXFileReference section */
		0D3CE2F2B47CF6B4CF23AD9A /* MiniMaxMonitor.app */ = {isa = PBXFileReference; explicitFileType = wrapper.application; includeInIndex = 0; path = MiniMaxMonitor.app; sourceTree = BUILT_PRODUCTS_DIR; };
		66CB6047206E3560AF6FA089 /* Assets.xcassets */ = {isa = PBXFileReference; lastKnownFileType = folder.assetcatalog; path = Assets.xcassets; sourceTree = SOURCE_ROOT; };
		6C9852BD7610E4EB8D1F1F15 /* ContentView.swift */ = {isa = PBXFileReference; lastKnownFileType = sourcecode.swift; path = ContentView.swift; sourceTree = "<group>"; };
		FE0CE252F9EFDE64EA7D9005 /* MiniMaxMonitorApp.swift */ = {isa = PBXFileReference; lastKnownFileType = sourcecode.swift; path = MiniMaxMonitorApp.swift; sourceTree = "<group>"; };
		FFCC4D00DC20215449BDDA2F /* UsageManager.swift */ = {isa = PBXFileReference; lastKnownFileType = sourcecode.swift; path = UsageManager.swift; sourceTree = "<group>"; };
/* End PBXFileReference section */

/* Begin PBXGroup section */
		4569672AD41453F0A0DE04F0 /* Sources */ = {
			isa = PBXGroup;
			children = (
				FF39813E169BF52E841E5355 /* MiniMaxMonitor */,
			);
			path = Sources;
			sourceTree = "<group>";
		};
		C956188B803ECF0359077F49 /* Products */ = {
			isa = PBXGroup;
			children = (
				0D3CE2F2B47CF6B4CF23AD9A /* MiniMaxMonitor.app */,
			);
			name = Products;
			sourceTree = "<group>";
		};
		D75362C7CA72A6E4B08754A9 = {
			isa = PBXGroup;
			children = (
				66CB6047206E3560AF6FA089 /* Assets.xcassets */,
				4569672AD41453F0A0DE04F0 /* Sources */,
				C956188B803ECF0359077F49 /* Products */,
			);
			sourceTree = "<group>";
		};
		FF39813E169BF52E841E5355 /* MiniMaxMonitor */ = {
			isa = PBXGroup;
			children = (
				6C9852BD7610E4EB8D1F1F15 /* ContentView.swift */,
				FE0CE252F9EFDE64EA7D9005 /* MiniMaxMonitorApp.swift */,
				FFCC4D00DC20215449BDDA2F /* UsageManager.swift */,
			);
			path = MiniMaxMonitor;
			sourceTree = "<group>";
		};
/* End PBXGroup section */

/* Begin PBXNativeTarget section */
		F4CCA76882BE2044FCB7ED34 /* MiniMaxMonitor */ = {
			isa = PBXNativeTarget;
			buildConfigurationList = 6BD61761963FD45FD734FC77 /* Build configuration list for PBXNativeTarget "MiniMaxMonitor" */;
			buildPhases = (
				0A897B7F2A5E9460D6DCB376 /* Sources */,
				ACD3ECE5FF088EC1A2AE42BF /* Resources */,
			);
			buildRules = (
			);
			dependencies = (
			);
			name = MiniMaxMonitor;
			packageProductDependencies = (
			);
			productName = MiniMaxMonitor;
			productReference = 0D3CE2F2B47CF6B4CF23AD9A /* MiniMaxMonitor.app */;
			productType = "com.apple.product-type.application";
		};
/* End PBXNativeTarget section */

/* Begin PBXProject section */
		958A607FB4D41133F9D9D485 /* Project object */ = {
			isa = PBXProject;
			attributes = {
				BuildIndependentTargetsInParallel = YES;
				LastUpgradeCheck = 1500;
				TargetAttributes = {
					F4CCA76882BE2044FCB7ED34 = {
						ProvisioningStyle = Automatic;
					};
				};
			};
			buildConfigurationList = DE844AAC1B8926EAAD7104FA /* Build configuration list for PBXProject "MiniMaxMonitor" */;
			developmentRegion = en;
			hasScannedForEncodings = 0;
			knownRegions = (
				Base,
				en,
			);
			mainGroup = D75362C7CA72A6E4B08754A9;
			minimizedProjectReferenceProxies = 1;
			preferredProjectObjectVersion = 77;
			productRefGroup = C956188B803ECF0359077F49 /* Products */;
			projectDirPath = "";
			projectRoot = "";
			targets = (
				F4CCA76882BE2044FCB7ED34 /* MiniMaxMonitor */,
			);
		};
/* End PBXProject section */

/* Begin PBXResourcesBuildPhase section */
		ACD3ECE5FF088EC1A2AE42BF /* Resources */ = {
			isa = PBXResourcesBuildPhase;
			buildActionMask = 2147483647;
			files = (
				65B4489A0C6C648ED294A492 /* Assets.xcassets in Resources */,
			);
			runOnlyForDeploymentPostprocessing = 0;
		};
/* End PBXResourcesBuildPhase section */

/* Begin PBXSourcesBuildPhase section */
		0A897B7F2A5E9460D6DCB376 /* Sources */ = {
			isa = PBXSourcesBuildPhase;
			buildActionMask = 2147483647;
			files = (
				C1D7222822F43690ACD80A38 /* ContentView.swift in Sources */,
				208ABFACAD120D08C1C81D9F /* MiniMaxMonitorApp.swift in Sources */,
				90B89B53D256E80DEB309D1C /* UsageManager.swift in Sources */,
			);
			runOnlyForDeploymentPostprocessing = 0;
		};
/* End PBXSourcesBuildPhase section */

/* Begin XCBuildConfiguration section */
		1FFC7748268DE18F89BA7BBC /* Debug */ = {
			isa = XCBuildConfiguration;
			buildSettings = {
				ASSETCATALOG_COMPILER_APPICON_NAME = AppIcon;
				CODE_SIGN_IDENTITY = "-";
				"CODE_SIGN_IDENTITY[sdk=macosx*]" = "-";
				CODE_SIGN_STYLE = Automatic;
				COMBINE_HIDPI_IMAGES = YES;
				DEVELOPMENT_TEAM = VHL4P85M5X;
				ENABLE_HARDENED_RUNTIME = YES;
				INFOPLIST_KEY_LSApplicationCategoryType = "public.app-category.utilities";
				INFOPLIST_KEY_LSUIElement = YES;
				INFOPLIST_KEY_NSHighResolutionCapable = YES;
				INFOPLIST_KEY_NSHumanReadableCopyright = "Copyright © 2026 MiniMax Monitor. All rights reserved.";
				INFOPLIST_KEY_NSSupportsAutomaticTermination = YES;
				INFOPLIST_KEY_NSSupportsSuddenTermination = YES;
				LD_RUNPATH_SEARCH_PATHS = "@executable_path/../Frameworks";
				PRODUCT_BUNDLE_IDENTIFIER = com.minimax.monitor;
				SDKROOT = macosx;
			};
			name = Debug;
		};
		34A3DB211A1E995ABF82A5DF /* Debug */ = {
			isa = XCBuildConfiguration;
			buildSettings = {
				ALWAYS_SEARCH_USER_PATHS = NO;
				CLANG_ANALYZER_NONNULL = YES;
				CLANG_ANALYZER_NUMBER_OBJECT_CONVERSION = YES_AGGRESSIVE;
				CLANG_CXX_LANGUAGE_STANDARD = "gnu++14";
				CLANG_CXX_LIBRARY = "libc++";
				CLANG_ENABLE_MODULES = YES;
				CLANG_ENABLE_OBJC_ARC = YES;
				CLANG_ENABLE_OBJC_WEAK = YES;
				CLANG_WARN_BLOCK_CAPTURE_AUTORELEASING = YES;
				CLANG_WARN_BOOL_CONVERSION = YES;
				CLANG_WARN_COMMA = YES;
				CLANG_WARN_CONSTANT_CONVERSION = YES;
				CLANG_WARN_DEPRECATED_OBJC_IMPLEMENTATIONS = YES;
				CLANG_WARN_DIRECT_OBJC_ISA_USAGE = YES_ERROR;
				CLANG_WARN_DOCUMENTATION_COMMENTS = YES;
				CLANG_WARN_EMPTY_BODY = YES;
				CLANG_WARN_ENUM_CONVERSION = YES;
				CLANG_WARN_INFINITE_RECURSION = YES;
				CLANG_WARN_INT_CONVERSION = YES;
				CLANG_WARN_NON_LITERAL_NULL_CONVERSION = YES;
				CLANG_WARN_OBJC_IMPLICIT_RETAIN_SELF = YES;
				CLANG_WARN_OBJC_LITERAL_CONVERSION = YES;
				CLANG_WARN_OBJC_ROOT_CLASS = YES_ERROR;
				CLANG_WARN_QUOTED_INCLUDE_IN_FRAMEWORK_HEADER = YES;
				CLANG_WARN_RANGE_LOOP_ANALYSIS = YES;
				CLANG_WARN_STRICT_PROTOTYPES = YES;
				CLANG_WARN_SUSPICIOUS_MOVE = YES;
				CLANG_WARN_UNGUARDED_AVAILABILITY = YES_AGGRESSIVE;
				CLANG_WARN_UNREACHABLE_CODE = YES;
				CLANG_WARN__DUPLICATE_METHOD_MATCH = YES;
				COPY_PHASE_STRIP = NO;
				CURRENT_PROJECT_VERSION = 1;
				DEBUG_INFORMATION_FORMAT = dwarf;
				ENABLE_STRICT_OBJC_MSGSEND = YES;
				ENABLE_TESTABILITY = YES;
				GCC_C_LANGUAGE_STANDARD = gnu11;
				GCC_DYNAMIC_NO_PIC = NO;
				GCC_NO_COMMON_BLOCKS = YES;
				GCC_OPTIMIZATION_LEVEL = 0;
				GCC_PREPROCESSOR_DEFINITIONS = (
					"$(inherited)",
					"DEBUG=1",
				);
				GCC_WARN_64_TO_32_BIT_CONVERSION = YES;
				GCC_WARN_ABOUT_RETURN_TYPE = YES_ERROR;
				GCC_WARN_UNDECLARED_SELECTOR = YES;
				GCC_WARN_UNINITIALIZED_AUTOS = YES_AGGRESSIVE;
				GCC_WARN_UNUSED_FUNCTION = YES;
				GCC_WARN_UNUSED_VARIABLE = YES;
				GENERATE_INFOPLIST_FILE = YES;
				INFOPLIST_KEY_CFBundleDisplayName = "MiniMax Monitor";
				MACOSX_DEPLOYMENT_TARGET = 13.0;
				MARKETING_VERSION = 1.0.0;
				MTL_ENABLE_DEBUG_INFO = INCLUDE_SOURCE;
				MTL_FAST_MATH = YES;
				ONLY_ACTIVE_ARCH = YES;
				PRODUCT_NAME = MiniMaxMonitor;
				SDKROOT = macosx;
				SWIFT_ACTIVE_COMPILATION_CONDITIONS = DEBUG;
				SWIFT_OPTIMIZATION_LEVEL = "-Onone";
				SWIFT_VERSION = 5.9;
			};
			name = Debug;
		};
		47E18FE36D84D229538CE6C4 /* Release */ = {
			isa = XCBuildConfiguration;
			buildSettings = {
				ASSETCATALOG_COMPILER_APPICON_NAME = AppIcon;
				CODE_SIGN_STYLE = Automatic;
				COMBINE_HIDPI_IMAGES = YES;
				DEVELOPMENT_TEAM = VHL4P85M5X;
				ENABLE_HARDENED_RUNTIME = YES;
				INFOPLIST_KEY_LSApplicationCategoryType = "public.app-category.utilities";
				INFOPLIST_KEY_LSUIElement = YES;
				INFOPLIST_KEY_NSHighResolutionCapable = YES;
				INFOPLIST_KEY_NSHumanReadableCopyright = "Copyright © 2026 MiniMax Monitor. All rights reserved.";
				INFOPLIST_KEY_NSSupportsAutomaticTermination = YES;
				INFOPLIST_KEY_NSSupportsSuddenTermination = YES;
				LD_RUNPATH_SEARCH_PATHS = "@executable_path/../Frameworks";
				PRODUCT_BUNDLE_IDENTIFIER = com.minimax.monitor;
				SDKROOT = macosx;
			};
			name = Release;
		};
		B13FBEB6639BA4ADBFC22F98 /* Release */ = {
			isa = XCBuildConfiguration;
			buildSettings = {
				ALWAYS_SEARCH_USER_PATHS = NO;
				CLANG_ANALYZER_NONNULL = YES;
				CLANG_ANALYZER_NUMBER_OBJECT_CONVERSION = YES_AGGRESSIVE;
				CLANG_CXX_LANGUAGE_STANDARD = "gnu++14";
				CLANG_CXX_LIBRARY = "libc++";
				CLANG_ENABLE_MODULES = YES;
				CLANG_ENABLE_OBJC_ARC = YES;
				CLANG_ENABLE_OBJC_WEAK = YES;
				CLANG_WARN_BLOCK_CAPTURE_AUTORELEASING = YES;
				CLANG_WARN_BOOL_CONVERSION = YES;
				CLANG_WARN_COMMA = YES;
				CLANG_WARN_CONSTANT_CONVERSION = YES;
				CLANG_WARN_DEPRECATED_OBJC_IMPLEMENTATIONS = YES;
				CLANG_WARN_DIRECT_OBJC_ISA_USAGE = YES_ERROR;
				CLANG_WARN_DOCUMENTATION_COMMENTS = YES;
				CLANG_WARN_EMPTY_BODY = YES;
				CLANG_WARN_ENUM_CONVERSION = YES;
				CLANG_WARN_INFINITE_RECURSION = YES;
				CLANG_WARN_INT_CONVERSION = YES;
				CLANG_WARN_NON_LITERAL_NULL_CONVERSION = YES;
				CLANG_WARN_OBJC_IMPLICIT_RETAIN_SELF = YES;
				CLANG_WARN_OBJC_LITERAL_CONVERSION = YES;
				CLANG_WARN_OBJC_ROOT_CLASS = YES_ERROR;
				CLANG_WARN_QUOTED_INCLUDE_IN_FRAMEWORK_HEADER = YES;
				CLANG_WARN_RANGE_LOOP_ANALYSIS = YES;
				CLANG_WARN_STRICT_PROTOTYPES = YES;
				CLANG_WARN_SUSPICIOUS_MOVE = YES;
				CLANG_WARN_UNGUARDED_AVAILABILITY = YES_AGGRESSIVE;
				CLANG_WARN_UNREACHABLE_CODE = YES;
				CLANG_WARN__DUPLICATE_METHOD_MATCH = YES;
				COPY_PHASE_STRIP = NO;
				CURRENT_PROJECT_VERSION = 1;
				DEBUG_INFORMATION_FORMAT = "dwarf-with-dsym";
				ENABLE_NS_ASSERTIONS = NO;
				ENABLE_STRICT_OBJC_MSGSEND = YES;
				GCC_C_LANGUAGE_STANDARD = gnu11;
				GCC_NO_COMMON_BLOCKS = YES;
				GCC_WARN_64_TO_32_BIT_CONVERSION = YES;
				GCC_WARN_ABOUT_RETURN_TYPE = YES_ERROR;
				GCC_WARN_UNDECLARED_SELECTOR = YES;
				GCC_WARN_UNINITIALIZED_AUTOS = YES_AGGRESSIVE;
				GCC_WARN_UNUSED_FUNCTION = YES;
				GCC_WARN_UNUSED_VARIABLE = YES;
				GENERATE_INFOPLIST_FILE = YES;
				INFOPLIST_KEY_CFBundleDisplayName = "MiniMax Monitor";
				MACOSX_DEPLOYMENT_TARGET = 13.0;
				MARKETING_VERSION = 1.0.0;
				MTL_ENABLE_DEBUG_INFO = NO;
				MTL_FAST_MATH = YES;
				PRODUCT_NAME = MiniMaxMonitor;
				SDKROOT = macosx;
				SWIFT_COMPILATION_MODE = wholemodule;
				SWIFT_OPTIMIZATION_LEVEL = "-O";
				SWIFT_VERSION = 5.9;
			};
			name = Release;
		};
/* End XCBuildConfiguration section */

/* Begin XCConfigurationList section */
		6BD61761963FD45FD734FC77 /* Build configuration list for PBXNativeTarget "MiniMaxMonitor" */ = {
			isa = XCConfigurationList;
			buildConfigurations = (
				1FFC7748268DE18F89BA7BBC /* Debug */,
				47E18FE36D84D229538CE6C4 /* Release */,
			);
			defaultConfigurationIsVisible = 0;
			defaultConfigurationName = Debug;
		};
		DE844AAC1B8926EAAD7104FA /* Build configuration list for PBXProject "MiniMaxMonitor" */ = {
			isa = XCConfigurationList;
			buildConfigurations = (
				34A3DB211A1E995ABF82A5DF /* Debug */,
				B13FBEB6639BA4ADBFC22F98 /* Release */,
			);
			defaultConfigurationIsVisible = 0;
			defaultConfigurationName = Debug;
		};
/* End XCConfigurationList section */
	};
	rootObject = 958A607FB4D41133F9D9D485 /* Project object */;
}
